
Microsoft Visual Studio Solution File, Format Version 12.00
# Visual Studio Version 16
VisualStudioVersion = 16.0.30128.74
MinimumVisualStudioVersion = 10.0.40219.1
Project("{FAE04EC0-301F-11D3-BF4B-00C04F79EFBC}") = "Entities", "Entities\Entities.csproj", "{E84A3490-81D2-42E7-9C09-95A3069BFC70}"
EndProject
Project("{FAE04EC0-301F-11D3-BF4B-00C04F79EFBC}") = "Business", "Business\Business.csproj", "{11D15B4D-6C80-4C31-B409-981DE13E48F0}"
EndProject
Project("{FAE04EC0-301F-11D3-BF4B-00C04F79EFBC}") = "DataAccess", "DataAccess\DataAccess.csproj", "{D8C15EFC-920B-4027-A271-C1CF7D108F25}"
EndProject
Project("{FAE04EC0-301F-11D3-BF4B-00C04F79EFBC}") = "ConsoleApp", "ConsoleApp\ConsoleApp.csproj", "{1FB9B15C-F098-4FC6-B986-6E42D8A20A2D}"
EndProject
Global
	GlobalSection(SolutionConfigurationPlatforms) = preSolution
		Debug|Any CPU = Debug|Any CPU
		Release|Any CPU = Release|Any CPU
	EndGlobalSection
	GlobalSection(ProjectConfigurationPlatforms) = postSolution
		{E84A3490-81D2-42E7-9C09-95A3069BFC70}.Debug|Any CPU.ActiveCfg = Debug|Any CPU
		{E84A3490-81D2-42E7-9C09-95A3069BFC70}.Debug|Any CPU.Build.0 = Debug|Any CPU
		{E84A3490-81D2-42E7-9C09-95A3069BFC70}.Release|Any CPU.ActiveCfg = Release|Any CPU
		{E84A3490-81D2-42E7-9C09-95A3069BFC70}.Release|Any CPU.Build.0 = Release|Any CPU
		{11D15B4D-6C80-4C31-B409-981DE13E48F0}.Debug|Any CPU.ActiveCfg = Debug|Any CPU
		{11D15B4D-6C80-4C31-B409-981DE13E48F0}.Debug|Any CPU.Build.0 = Debug|Any CPU
		{11D15B4D-6C80-4C31-B409-981DE13E48F0}.Release|Any CPU.ActiveCfg = Release|Any CPU
		{11D15B4D-6C80-4C31-B409-981DE13E48F0}.Release|Any CPU.Build.0 = Release|Any CPU
		{D8C15EFC-920B-4027-A271-C1CF7D108F25}.Debug|Any CPU.ActiveCfg = Debug|Any CPU
		{D8C15EFC-920B-4027-A271-C1CF7D108F25}.Debug|Any CPU.Build.0 = Debug|Any CPU
		{D8C15EFC-920B-4027-A271-C1CF7D108F25}.Release|Any CPU.ActiveCfg = Release|Any CPU
		{D8C15EFC-920B-4027-A271-C1CF7D108F25}.Release|Any CPU.Build.0 = Release|Any CPU
		{1FB9B15C-F098-4FC6-B986-6E42D8A20A2D}.Debug|Any CPU.ActiveCfg = Debug|Any CPU
		{1FB9B15C-F098-4FC6-B986-6E42D8A20A2D}.Debug|Any CPU.Build.0 = Debug|Any CPU
		{1FB9B15C-F098-4FC6-B986-6E42D8A20A2D}.Release|Any CPU.ActiveCfg = Release|Any CPU
		{1FB9B15C-F098-4FC6-B986-6E42D8A20A2D}.Release|Any CPU.Build.0 = Release|Any CPU
	EndGlobalSection
	GlobalSection(SolutionProperties) = preSolution
		HideSolutionNode = FALSE
	EndGlobalSection
	GlobalSection(ExtensibilityGlobals) = postSolution
		SolutionGuid = {DF048904-762F-4C78-982D-B762E3B02365}
	EndGlobalSection
EndGlobal
